<Solution>
    <Project Path="HomeMate.Auth.Application/HomeMate.Auth.Application.csproj" />
    <Project Path="HomeMate.Auth.Domain/HomeMate.Auth.Domain.csproj" />
    <Project Path="HomeMate.Auth.Api/HomeMate.Auth.Api.csproj" />
    <Project Path="HomeMate.Auth.Infrastructure/HomeMate.Auth.Infrastructure.csproj" />
</Solution>
