<Solution>
  <Project Path="HomeMade.Application/HomeMate.Auth.Application.csproj" />
  <Project Path="HomeMade.Domain/HomeMate.Auth.Domain.csproj" />
  <Project Path="HomeMate.Api/HomeMate.Auth.Api.csproj" />
  <Project Path="HomeMate.Infrastructure/HomeMate.Auth.Infrastructure.csproj" />
</Solution>
